
Microsoft Visual Studio Solution File, Format Version 12.00
Project("{FAE04EC0-301F-11D3-BF4B-00C04F79EFBC}") = "sistema-de-alumnos", "sistema-de-alumnos\sistema-de-alumnos.csproj", "{70DD9356-EF08-44A3-A62E-8B2D5ABE3CC0}"
EndProject
Global
	GlobalSection(SolutionConfigurationPlatforms) = preSolution
		Debug|Any CPU = Debug|Any CPU
		Release|Any CPU = Release|Any CPU
	EndGlobalSection
	GlobalSection(ProjectConfigurationPlatforms) = postSolution
		{70DD9356-EF08-44A3-A62E-8B2D5ABE3CC0}.Debug|Any CPU.ActiveCfg = Debug|Any CPU
		{70DD9356-EF08-44A3-A62E-8B2D5ABE3CC0}.Debug|Any CPU.Build.0 = Debug|Any CPU
		{70DD9356-EF08-44A3-A62E-8B2D5ABE3CC0}.Release|Any CPU.ActiveCfg = Release|Any CPU
		{70DD9356-EF08-44A3-A62E-8B2D5ABE3CC0}.Release|Any CPU.Build.0 = Release|Any CPU
	EndGlobalSection
EndGlobal
